
Microsoft Visual Studio Solution File, Format Version 12.00
# Visual Studio Version 16
VisualStudioVersion = 16.0.31129.286
MinimumVisualStudioVersion = 10.0.40219.1
Project("{FAE04EC0-301F-11D3-BF4B-00C04F79EFBC}") = "fixation exercise session nine", "fixation exercise session nine\fixation exercise session nine.csproj", "{530B838C-0507-43F2-A0D5-AD9AD9345B53}"
EndProject
Global
	GlobalSection(SolutionConfigurationPlatforms) = preSolution
		Debug|Any CPU = Debug|Any CPU
		Release|Any CPU = Release|Any CPU
	EndGlobalSection
	GlobalSection(ProjectConfigurationPlatforms) = postSolution
		{530B838C-0507-43F2-A0D5-AD9AD9345B53}.Debug|Any CPU.ActiveCfg = Debug|Any CPU
		{530B838C-0507-43F2-A0D5-AD9AD9345B53}.Debug|Any CPU.Build.0 = Debug|Any CPU
		{530B838C-0507-43F2-A0D5-AD9AD9345B53}.Release|Any CPU.ActiveCfg = Release|Any CPU
		{530B838C-0507-43F2-A0D5-AD9AD9345B53}.Release|Any CPU.Build.0 = Release|Any CPU
	EndGlobalSection
	GlobalSection(SolutionProperties) = preSolution
		HideSolutionNode = FALSE
	EndGlobalSection
	GlobalSection(ExtensibilityGlobals) = postSolution
		SolutionGuid = {AEACCBB7-8D89-4C5C-A78E-406DA652ADB4}
	EndGlobalSection
EndGlobal
